
Microsoft Visual Studio Solution File, Format Version 12.00
# Visual Studio Version 17
VisualStudioVersion = 17.2.32526.322
MinimumVisualStudioVersion = 10.0.40219.1
Project("{FAE04EC0-301F-11D3-BF4B-00C04F79EFBC}") = "Task_002", "Task_002\Task_002.csproj", "{2A172D25-AF4A-4CBE-925A-3F65CE83FE76}"
EndProject
Project("{FAE04EC0-301F-11D3-BF4B-00C04F79EFBC}") = "Task_003", "Task_003\Task_003.csproj", "{15229F78-2493-48CF-883D-E4C280BA279C}"
EndProject
Project("{FAE04EC0-301F-11D3-BF4B-00C04F79EFBC}") = "Task_005", "Task_005\Task_005.csproj", "{C069353C-9360-4ABB-B1D8-E3E6DC745742}"
EndProject
Global
	GlobalSection(SolutionConfigurationPlatforms) = preSolution
		Debug|Any CPU = Debug|Any CPU
		Release|Any CPU = Release|Any CPU
	EndGlobalSection
	GlobalSection(ProjectConfigurationPlatforms) = postSolution
		{2A172D25-AF4A-4CBE-925A-3F65CE83FE76}.Debug|Any CPU.ActiveCfg = Debug|Any CPU
		{2A172D25-AF4A-4CBE-925A-3F65CE83FE76}.Debug|Any CPU.Build.0 = Debug|Any CPU
		{2A172D25-AF4A-4CBE-925A-3F65CE83FE76}.Release|Any CPU.ActiveCfg = Release|Any CPU
		{2A172D25-AF4A-4CBE-925A-3F65CE83FE76}.Release|Any CPU.Build.0 = Release|Any CPU
		{15229F78-2493-48CF-883D-E4C280BA279C}.Debug|Any CPU.ActiveCfg = Debug|Any CPU
		{15229F78-2493-48CF-883D-E4C280BA279C}.Debug|Any CPU.Build.0 = Debug|Any CPU
		{15229F78-2493-48CF-883D-E4C280BA279C}.Release|Any CPU.ActiveCfg = Release|Any CPU
		{15229F78-2493-48CF-883D-E4C280BA279C}.Release|Any CPU.Build.0 = Release|Any CPU
		{C069353C-9360-4ABB-B1D8-E3E6DC745742}.Debug|Any CPU.ActiveCfg = Debug|Any CPU
		{C069353C-9360-4ABB-B1D8-E3E6DC745742}.Debug|Any CPU.Build.0 = Debug|Any CPU
		{C069353C-9360-4ABB-B1D8-E3E6DC745742}.Release|Any CPU.ActiveCfg = Release|Any CPU
		{C069353C-9360-4ABB-B1D8-E3E6DC745742}.Release|Any CPU.Build.0 = Release|Any CPU
	EndGlobalSection
	GlobalSection(SolutionProperties) = preSolution
		HideSolutionNode = FALSE
	EndGlobalSection
	GlobalSection(ExtensibilityGlobals) = postSolution
		SolutionGuid = {AA91B037-5806-4270-98C1-51B0D07AF839}
	EndGlobalSection
EndGlobal
